
Microsoft Visual Studio Solution File, Format Version 12.00
# Visual Studio 2012
Project("{FAE04EC0-301F-11D3-BF4B-00C04F79EFBC}") = "مححود اغا lesson 6 code 5", "مححود اغا lesson 6 code 5\مححود اغا lesson 6 code 5.csproj", "{3103ADF1-098E-4D65-A0BD-8100717826BC}"
EndProject
Global
	GlobalSection(SolutionConfigurationPlatforms) = preSolution
		Debug|Any CPU = Debug|Any CPU
		Release|Any CPU = Release|Any CPU
	EndGlobalSection
	GlobalSection(ProjectConfigurationPlatforms) = postSolution
		{3103ADF1-098E-4D65-A0BD-8100717826BC}.Debug|Any CPU.ActiveCfg = Debug|Any CPU
		{3103ADF1-098E-4D65-A0BD-8100717826BC}.Debug|Any CPU.Build.0 = Debug|Any CPU
		{3103ADF1-098E-4D65-A0BD-8100717826BC}.Release|Any CPU.ActiveCfg = Release|Any CPU
		{3103ADF1-098E-4D65-A0BD-8100717826BC}.Release|Any CPU.Build.0 = Release|Any CPU
	EndGlobalSection
	GlobalSection(SolutionProperties) = preSolution
		HideSolutionNode = FALSE
	EndGlobalSection
EndGlobal
